// !$*UTF8*$!
{
	archiveVersion = 1;
	classes = {
	};
	objectVersion = 56;
	objects = {

/* Begin PBXBuildFile section */
		5678C64529D4E4FB00F94B26 /* AppDelegate.swift in Sources */ = {isa = PBXBuildFile; fileRef = 5678C64429D4E4FB00F94B26 /* AppDelegate.swift */; };
		5678C64729D4E4FB00F94B26 /* SceneDelegate.swift in Sources */ = {isa = PBXBuildFile; fileRef = 5678C64629D4E4FB00F94B26 /* SceneDelegate.swift */; };
		5678C64929D4E4FB00F94B26 /* ViewController.swift in Sources */ = {isa = PBXBuildFile; fileRef = 5678C64829D4E4FB00F94B26 /* ViewController.swift */; };
		5678C64C29D4E4FB00F94B26 /* Main.storyboard in Resources */ = {isa = PBXBuildFile; fileRef = 5678C64A29D4E4FB00F94B26 /* Main.storyboard */; };
		5678C64E29D4E4FD00F94B26 /* Assets.xcassets in Resources */ = {isa = PBXBuildFile; fileRef = 5678C64D29D4E4FD00F94B26 /* Assets.xcassets */; };
		5678C65129D4E4FD00F94B26 /* LaunchScreen.storyboard in Resources */ = {isa = PBXBuildFile; fileRef = 5678C64F29D4E4FD00F94B26 /* LaunchScreen.storyboard */; };
		5678C65B29D4E74700F94B26 /* CarTableViewCell.swift in Sources */ = {isa = PBXBuildFile; fileRef = 5678C65929D4E74700F94B26 /* CarTableViewCell.swift */; };
		5678C65C29D4E74700F94B26 /* CarTableViewCell.xib in Resources */ = {isa = PBXBuildFile; fileRef = 5678C65A29D4E74700F94B26 /* CarTableViewCell.xib */; };
		5678C66029D4E77100F94B26 /* CustomCollectionViewCell.swift in Sources */ = {isa = PBXBuildFile; fileRef = 5678C65E29D4E77100F94B26 /* CustomCollectionViewCell.swift */; };
		5678C66129D4E77100F94B26 /* CustomCollectionViewCell.xib in Resources */ = {isa = PBXBuildFile; fileRef = 5678C65F29D4E77100F94B26 /* CustomCollectionViewCell.xib */; };
		5678C66429D4E78D00F94B26 /* Vehicle.swift in Sources */ = {isa = PBXBuildFile; fileRef = 5678C66329D4E78D00F94B26 /* Vehicle.swift */; };
		5678C76A29DC99C500F94B26 /* ViewModel.swift in Sources */ = {isa = PBXBuildFile; fileRef = 5678C76929DC99C500F94B26 /* ViewModel.swift */; };
		5678C76D29DCA32600F94B26 /* ViewModel2.swift in Sources */ = {isa = PBXBuildFile; fileRef = 5678C76C29DCA32600F94B26 /* ViewModel2.swift */; };
		5678C77029DCA50300F94B26 /* CarTableViewCellViewModel.swift in Sources */ = {isa = PBXBuildFile; fileRef = 5678C76F29DCA50300F94B26 /* CarTableViewCellViewModel.swift */; };
/* End PBXBuildFile section */

/* Begin PBXFileReference section */
		5678C64129D4E4FB00F94B26 /* TableViewCollectionViewAvancado.app */ = {isa = PBXFileReference; explicitFileType = wrapper.application; includeInIndex = 0; path = TableViewCollectionViewAvancado.app; sourceTree = BUILT_PRODUCTS_DIR; };
		5678C64429D4E4FB00F94B26 /* AppDelegate.swift */ = {isa = PBXFileReference; lastKnownFileType = sourcecode.swift; path = AppDelegate.swift; sourceTree = "<group>"; };
		5678C64629D4E4FB00F94B26 /* SceneDelegate.swift */ = {isa = PBXFileReference; lastKnownFileType = sourcecode.swift; path = SceneDelegate.swift; sourceTree = "<group>"; };
		5678C64829D4E4FB00F94B26 /* ViewController.swift */ = {isa = PBXFileReference; lastKnownFileType = sourcecode.swift; path = ViewController.swift; sourceTree = "<group>"; };
		5678C64B29D4E4FB00F94B26 /* Base */ = {isa = PBXFileReference; lastKnownFileType = file.storyboard; name = Base; path = Base.lproj/Main.storyboard; sourceTree = "<group>"; };
		5678C64D29D4E4FD00F94B26 /* Assets.xcassets */ = {isa = PBXFileReference; lastKnownFileType = folder.assetcatalog; path = Assets.xcassets; sourceTree = "<group>"; };
		5678C65029D4E4FD00F94B26 /* Base */ = {isa = PBXFileReference; lastKnownFileType = file.storyboard; name = Base; path = Base.lproj/LaunchScreen.storyboard; sourceTree = "<group>"; };
		5678C65229D4E4FD00F94B26 /* Info.plist */ = {isa = PBXFileReference; lastKnownFileType = text.plist.xml; path = Info.plist; sourceTree = "<group>"; };
		5678C65929D4E74700F94B26 /* CarTableViewCell.swift */ = {isa = PBXFileReference; lastKnownFileType = sourcecode.swift; path = CarTableViewCell.swift; sourceTree = "<group>"; };
		5678C65A29D4E74700F94B26 /* CarTableViewCell.xib */ = {isa = PBXFileReference; lastKnownFileType = file.xib; path = CarTableViewCell.xib; sourceTree = "<group>"; };
		5678C65E29D4E77100F94B26 /* CustomCollectionViewCell.swift */ = {isa = PBXFileReference; lastKnownFileType = sourcecode.swift; path = CustomCollectionViewCell.swift; sourceTree = "<group>"; };
		5678C65F29D4E77100F94B26 /* CustomCollectionViewCell.xib */ = {isa = PBXFileReference; lastKnownFileType = file.xib; path = CustomCollectionViewCell.xib; sourceTree = "<group>"; };
		5678C66329D4E78D00F94B26 /* Vehicle.swift */ = {isa = PBXFileReference; lastKnownFileType = sourcecode.swift; path = Vehicle.swift; sourceTree = "<group>"; };
		5678C76929DC99C500F94B26 /* ViewModel.swift */ = {isa = PBXFileReference; lastKnownFileType = sourcecode.swift; path = ViewModel.swift; sourceTree = "<group>"; };
		5678C76C29DCA32600F94B26 /* ViewModel2.swift */ = {isa = PBXFileReference; lastKnownFileType = sourcecode.swift; path = ViewModel2.swift; sourceTree = "<group>"; };
		5678C76F29DCA50300F94B26 /* CarTableViewCellViewModel.swift */ = {isa = PBXFileReference; lastKnownFileType = sourcecode.swift; path = CarTableViewCellViewModel.swift; sourceTree = "<group>"; };
/* End PBXFileReference section */

/* Begin PBXFrameworksBuildPhase section */
		5678C63E29D4E4FB00F94B26 /* Frameworks */ = {
			isa = PBXFrameworksBuildPhase;
			buildActionMask = 2147483647;
			files = (
			);
			runOnlyForDeploymentPostprocessing = 0;
		};
/* End PBXFrameworksBuildPhase section */

/* Begin PBXGroup section */
		5678C63829D4E4FB00F94B26 = {
			isa = PBXGroup;
			children = (
				5678C64329D4E4FB00F94B26 /* TableViewCollectionViewAvancado */,
				5678C64229D4E4FB00F94B26 /* Products */,
			);
			sourceTree = "<group>";
		};
		5678C64229D4E4FB00F94B26 /* Products */ = {
			isa = PBXGroup;
			children = (
				5678C64129D4E4FB00F94B26 /* TableViewCollectionViewAvancado.app */,
			);
			name = Products;
			sourceTree = "<group>";
		};
		5678C64329D4E4FB00F94B26 /* TableViewCollectionViewAvancado */ = {
			isa = PBXGroup;
			children = (
				5678C76829DC99A900F94B26 /* ViewModel */,
				5678C66229D4E77B00F94B26 /* Model */,
				5678C65D29D4E75800F94B26 /* CollectionViewCell */,
				5678C65829D4E70500F94B26 /* TableViewCell */,
				5678C64829D4E4FB00F94B26 /* ViewController.swift */,
				5678C64629D4E4FB00F94B26 /* SceneDelegate.swift */,
				5678C64429D4E4FB00F94B26 /* AppDelegate.swift */,
				5678C64A29D4E4FB00F94B26 /* Main.storyboard */,
				5678C64D29D4E4FD00F94B26 /* Assets.xcassets */,
				5678C64F29D4E4FD00F94B26 /* LaunchScreen.storyboard */,
				5678C65229D4E4FD00F94B26 /* Info.plist */,
			);
			path = TableViewCollectionViewAvancado;
			sourceTree = "<group>";
		};
		5678C65829D4E70500F94B26 /* TableViewCell */ = {
			isa = PBXGroup;
			children = (
				5678C76E29DCA4EF00F94B26 /* CarTableViewCellViewModel */,
				5678C65929D4E74700F94B26 /* CarTableViewCell.swift */,
				5678C65A29D4E74700F94B26 /* CarTableViewCell.xib */,
			);
			path = TableViewCell;
			sourceTree = "<group>";
		};
		5678C65D29D4E75800F94B26 /* CollectionViewCell */ = {
			isa = PBXGroup;
			children = (
				5678C76B29DCA31800F94B26 /* ViewModel2 */,
				5678C65E29D4E77100F94B26 /* CustomCollectionViewCell.swift */,
				5678C65F29D4E77100F94B26 /* CustomCollectionViewCell.xib */,
			);
			path = CollectionViewCell;
			sourceTree = "<group>";
		};
		5678C66229D4E77B00F94B26 /* Model */ = {
			isa = PBXGroup;
			children = (
				5678C66329D4E78D00F94B26 /* Vehicle.swift */,
			);
			path = Model;
			sourceTree = "<group>";
		};
		5678C76829DC99A900F94B26 /* ViewModel */ = {
			isa = PBXGroup;
			children = (
				5678C76929DC99C500F94B26 /* ViewModel.swift */,
			);
			path = ViewModel;
			sourceTree = "<group>";
		};
		5678C76B29DCA31800F94B26 /* ViewModel2 */ = {
			isa = PBXGroup;
			children = (
				5678C76C29DCA32600F94B26 /* ViewModel2.swift */,
			);
			path = ViewModel2;
			sourceTree = "<group>";
		};
		5678C76E29DCA4EF00F94B26 /* CarTableViewCellViewModel */ = {
			isa = PBXGroup;
			children = (
				5678C76F29DCA50300F94B26 /* CarTableViewCellViewModel.swift */,
			);
			path = CarTableViewCellViewModel;
			sourceTree = "<group>";
		};
/* End PBXGroup section */

/* Begin PBXNativeTarget section */
		5678C64029D4E4FB00F94B26 /* TableViewCollectionViewAvancado */ = {
			isa = PBXNativeTarget;
			buildConfigurationList = 5678C65529D4E4FD00F94B26 /* Build configuration list for PBXNativeTarget "TableViewCollectionViewAvancado" */;
			buildPhases = (
				5678C63D29D4E4FB00F94B26 /* Sources */,
				5678C63E29D4E4FB00F94B26 /* Frameworks */,
				5678C63F29D4E4FB00F94B26 /* Resources */,
			);
			buildRules = (
			);
			dependencies = (
			);
			name = TableViewCollectionViewAvancado;
			productName = TableViewCollectionViewAvancado;
			productReference = 5678C64129D4E4FB00F94B26 /* TableViewCollectionViewAvancado.app */;
			productType = "com.apple.product-type.application";
		};
/* End PBXNativeTarget section */

/* Begin PBXProject section */
		5678C63929D4E4FB00F94B26 /* Project object */ = {
			isa = PBXProject;
			attributes = {
				BuildIndependentTargetsInParallel = 1;
				LastSwiftUpdateCheck = 1400;
				LastUpgradeCheck = 1400;
				TargetAttributes = {
					5678C64029D4E4FB00F94B26 = {
						CreatedOnToolsVersion = 14.0.1;
					};
				};
			};
			buildConfigurationList = 5678C63C29D4E4FB00F94B26 /* Build configuration list for PBXProject "TableViewCollectionViewAvancado" */;
			compatibilityVersion = "Xcode 14.0";
			developmentRegion = en;
			hasScannedForEncodings = 0;
			knownRegions = (
				en,
				Base,
			);
			mainGroup = 5678C63829D4E4FB00F94B26;
			productRefGroup = 5678C64229D4E4FB00F94B26 /* Products */;
			projectDirPath = "";
			projectRoot = "";
			targets = (
				5678C64029D4E4FB00F94B26 /* TableViewCollectionViewAvancado */,
			);
		};
/* End PBXProject section */

/* Begin PBXResourcesBuildPhase section */
		5678C63F29D4E4FB00F94B26 /* Resources */ = {
			isa = PBXResourcesBuildPhase;
			buildActionMask = 2147483647;
			files = (
				5678C65129D4E4FD00F94B26 /* LaunchScreen.storyboard in Resources */,
				5678C64E29D4E4FD00F94B26 /* Assets.xcassets in Resources */,
				5678C65C29D4E74700F94B26 /* CarTableViewCell.xib in Resources */,
				5678C66129D4E77100F94B26 /* CustomCollectionViewCell.xib in Resources */,
				5678C64C29D4E4FB00F94B26 /* Main.storyboard in Resources */,
			);
			runOnlyForDeploymentPostprocessing = 0;
		};
/* End PBXResourcesBuildPhase section */

/* Begin PBXSourcesBuildPhase section */
		5678C63D29D4E4FB00F94B26 /* Sources */ = {
			isa = PBXSourcesBuildPhase;
			buildActionMask = 2147483647;
			files = (
				5678C66429D4E78D00F94B26 /* Vehicle.swift in Sources */,
				5678C77029DCA50300F94B26 /* CarTableViewCellViewModel.swift in Sources */,
				5678C76D29DCA32600F94B26 /* ViewModel2.swift in Sources */,
				5678C64929D4E4FB00F94B26 /* ViewController.swift in Sources */,
				5678C66029D4E77100F94B26 /* CustomCollectionViewCell.swift in Sources */,
				5678C64529D4E4FB00F94B26 /* AppDelegate.swift in Sources */,
				5678C65B29D4E74700F94B26 /* CarTableViewCell.swift in Sources */,
				5678C64729D4E4FB00F94B26 /* SceneDelegate.swift in Sources */,
				5678C76A29DC99C500F94B26 /* ViewModel.swift in Sources */,
			);
			runOnlyForDeploymentPostprocessing = 0;
		};
/* End PBXSourcesBuildPhase section */

/* Begin PBXVariantGroup section */
		5678C64A29D4E4FB00F94B26 /* Main.storyboard */ = {
			isa = PBXVariantGroup;
			children = (
				5678C64B29D4E4FB00F94B26 /* Base */,
			);
			name = Main.storyboard;
			sourceTree = "<group>";
		};
		5678C64F29D4E4FD00F94B26 /* LaunchScreen.storyboard */ = {
			isa = PBXVariantGroup;
			children = (
				5678C65029D4E4FD00F94B26 /* Base */,
			);
			name = LaunchScreen.storyboard;
			sourceTree = "<group>";
		};
/* End PBXVariantGroup section */

/* Begin XCBuildConfiguration section */
		5678C65329D4E4FD00F94B26 /* Debug */ = {
			isa = XCBuildConfiguration;
			buildSettings = {
				ALWAYS_SEARCH_USER_PATHS = NO;
				CLANG_ANALYZER_NONNULL = YES;
				CLANG_ANALYZER_NUMBER_OBJECT_CONVERSION = YES_AGGRESSIVE;
				CLANG_CXX_LANGUAGE_STANDARD = "gnu++20";
				CLANG_ENABLE_MODULES = YES;
				CLANG_ENABLE_OBJC_ARC = YES;
				CLANG_ENABLE_OBJC_WEAK = YES;
				CLANG_WARN_BLOCK_CAPTURE_AUTORELEASING = YES;
				CLANG_WARN_BOOL_CONVERSION = YES;
				CLANG_WARN_COMMA = YES;
				CLANG_WARN_CONSTANT_CONVERSION = YES;
				CLANG_WARN_DEPRECATED_OBJC_IMPLEMENTATIONS = YES;
				CLANG_WARN_DIRECT_OBJC_ISA_USAGE = YES_ERROR;
				CLANG_WARN_DOCUMENTATION_COMMENTS = YES;
				CLANG_WARN_EMPTY_BODY = YES;
				CLANG_WARN_ENUM_CONVERSION = YES;
				CLANG_WARN_INFINITE_RECURSION = YES;
				CLANG_WARN_INT_CONVERSION = YES;
				CLANG_WARN_NON_LITERAL_NULL_CONVERSION = YES;
				CLANG_WARN_OBJC_IMPLICIT_RETAIN_SELF = YES;
				CLANG_WARN_OBJC_LITERAL_CONVERSION = YES;
				CLANG_WARN_OBJC_ROOT_CLASS = YES_ERROR;
				CLANG_WARN_QUOTED_INCLUDE_IN_FRAMEWORK_HEADER = YES;
				CLANG_WARN_RANGE_LOOP_ANALYSIS = YES;
				CLANG_WARN_STRICT_PROTOTYPES = YES;
				CLANG_WARN_SUSPICIOUS_MOVE = YES;
				CLANG_WARN_UNGUARDED_AVAILABILITY = YES_AGGRESSIVE;
				CLANG_WARN_UNREACHABLE_CODE = YES;
				CLANG_WARN__DUPLICATE_METHOD_MATCH = YES;
				COPY_PHASE_STRIP = NO;
				DEBUG_INFORMATION_FORMAT = dwarf;
				ENABLE_STRICT_OBJC_MSGSEND = YES;
				ENABLE_TESTABILITY = YES;
				GCC_C_LANGUAGE_STANDARD = gnu11;
				GCC_DYNAMIC_NO_PIC = NO;
				GCC_NO_COMMON_BLOCKS = YES;
				GCC_OPTIMIZATION_LEVEL = 0;
				GCC_PREPROCESSOR_DEFINITIONS = (
					"DEBUG=1",
					"$(inherited)",
				);
				GCC_WARN_64_TO_32_BIT_CONVERSION = YES;
				GCC_WARN_ABOUT_RETURN_TYPE = YES_ERROR;
				GCC_WARN_UNDECLARED_SELECTOR = YES;
				GCC_WARN_UNINITIALIZED_AUTOS = YES_AGGRESSIVE;
				GCC_WARN_UNUSED_FUNCTION = YES;
				GCC_WARN_UNUSED_VARIABLE = YES;
				IPHONEOS_DEPLOYMENT_TARGET = 16.0;
				MTL_ENABLE_DEBUG_INFO = INCLUDE_SOURCE;
				MTL_FAST_MATH = YES;
				ONLY_ACTIVE_ARCH = YES;
				SDKROOT = iphoneos;
				SWIFT_ACTIVE_COMPILATION_CONDITIONS = DEBUG;
				SWIFT_OPTIMIZATION_LEVEL = "-Onone";
			};
			name = Debug;
		};
		5678C65429D4E4FD00F94B26 /* Release */ = {
			isa = XCBuildConfiguration;
			buildSettings = {
				ALWAYS_SEARCH_USER_PATHS = NO;
				CLANG_ANALYZER_NONNULL = YES;
				CLANG_ANALYZER_NUMBER_OBJECT_CONVERSION = YES_AGGRESSIVE;
				CLANG_CXX_LANGUAGE_STANDARD = "gnu++20";
				CLANG_ENABLE_MODULES = YES;
				CLANG_ENABLE_OBJC_ARC = YES;
				CLANG_ENABLE_OBJC_WEAK = YES;
				CLANG_WARN_BLOCK_CAPTURE_AUTORELEASING = YES;
				CLANG_WARN_BOOL_CONVERSION = YES;
				CLANG_WARN_COMMA = YES;
				CLANG_WARN_CONSTANT_CONVERSION = YES;
				CLANG_WARN_DEPRECATED_OBJC_IMPLEMENTATIONS = YES;
				CLANG_WARN_DIRECT_OBJC_ISA_USAGE = YES_ERROR;
				CLANG_WARN_DOCUMENTATION_COMMENTS = YES;
				CLANG_WARN_EMPTY_BODY = YES;
				CLANG_WARN_ENUM_CONVERSION = YES;
				CLANG_WARN_INFINITE_RECURSION = YES;
				CLANG_WARN_INT_CONVERSION = YES;
				CLANG_WARN_NON_LITERAL_NULL_CONVERSION = YES;
				CLANG_WARN_OBJC_IMPLICIT_RETAIN_SELF = YES;
				CLANG_WARN_OBJC_LITERAL_CONVERSION = YES;
				CLANG_WARN_OBJC_ROOT_CLASS = YES_ERROR;
				CLANG_WARN_QUOTED_INCLUDE_IN_FRAMEWORK_HEADER = YES;
				CLANG_WARN_RANGE_LOOP_ANALYSIS = YES;
				CLANG_WARN_STRICT_PROTOTYPES = YES;
				CLANG_WARN_SUSPICIOUS_MOVE = YES;
				CLANG_WARN_UNGUARDED_AVAILABILITY = YES_AGGRESSIVE;
				CLANG_WARN_UNREACHABLE_CODE = YES;
				CLANG_WARN__DUPLICATE_METHOD_MATCH = YES;
				COPY_PHASE_STRIP = NO;
				DEBUG_INFORMATION_FORMAT = "dwarf-with-dsym";
				ENABLE_NS_ASSERTIONS = NO;
				ENABLE_STRICT_OBJC_MSGSEND = YES;
				GCC_C_LANGUAGE_STANDARD = gnu11;
				GCC_NO_COMMON_BLOCKS = YES;
				GCC_WARN_64_TO_32_BIT_CONVERSION = YES;
				GCC_WARN_ABOUT_RETURN_TYPE = YES_ERROR;
				GCC_WARN_UNDECLARED_SELECTOR = YES;
				GCC_WARN_UNINITIALIZED_AUTOS = YES_AGGRESSIVE;
				GCC_WARN_UNUSED_FUNCTION = YES;
				GCC_WARN_UNUSED_VARIABLE = YES;
				IPHONEOS_DEPLOYMENT_TARGET = 16.0;
				MTL_ENABLE_DEBUG_INFO = NO;
				MTL_FAST_MATH = YES;
				SDKROOT = iphoneos;
				SWIFT_COMPILATION_MODE = wholemodule;
				SWIFT_OPTIMIZATION_LEVEL = "-O";
				VALIDATE_PRODUCT = YES;
			};
			name = Release;
		};
		5678C65629D4E4FD00F94B26 /* Debug */ = {
			isa = XCBuildConfiguration;
			buildSettings = {
				ASSETCATALOG_COMPILER_APPICON_NAME = AppIcon;
				ASSETCATALOG_COMPILER_GLOBAL_ACCENT_COLOR_NAME = AccentColor;
				CODE_SIGN_STYLE = Automatic;
				CURRENT_PROJECT_VERSION = 1;
				DEVELOPMENT_TEAM = GB2CY3HPJ4;
				GENERATE_INFOPLIST_FILE = YES;
				INFOPLIST_FILE = TableViewCollectionViewAvancado/Info.plist;
				INFOPLIST_KEY_UIApplicationSupportsIndirectInputEvents = YES;
				INFOPLIST_KEY_UILaunchStoryboardName = LaunchScreen;
				INFOPLIST_KEY_UIMainStoryboardFile = Main;
				INFOPLIST_KEY_UISupportedInterfaceOrientations_iPad = "UIInterfaceOrientationPortrait UIInterfaceOrientationPortraitUpsideDown UIInterfaceOrientationLandscapeLeft UIInterfaceOrientationLandscapeRight";
				INFOPLIST_KEY_UISupportedInterfaceOrientations_iPhone = "UIInterfaceOrientationPortrait UIInterfaceOrientationLandscapeLeft UIInterfaceOrientationLandscapeRight";
				LD_RUNPATH_SEARCH_PATHS = (
					"$(inherited)",
					"@executable_path/Frameworks",
				);
				MARKETING_VERSION = 1.0;
				PRODUCT_BUNDLE_IDENTIFIER = BF348.TableViewCollectionViewAvancado;
				PRODUCT_NAME = "$(TARGET_NAME)";
				SUPPORTED_PLATFORMS = "iphoneos iphonesimulator";
				SUPPORTS_MACCATALYST = NO;
				SUPPORTS_MAC_DESIGNED_FOR_IPHONE_IPAD = NO;
				SWIFT_EMIT_LOC_STRINGS = YES;
				SWIFT_VERSION = 5.0;
				TARGETED_DEVICE_FAMILY = 1;
			};
			name = Debug;
		};
		5678C65729D4E4FD00F94B26 /* Release */ = {
			isa = XCBuildConfiguration;
			buildSettings = {
				ASSETCATALOG_COMPILER_APPICON_NAME = AppIcon;
				ASSETCATALOG_COMPILER_GLOBAL_ACCENT_COLOR_NAME = AccentColor;
				CODE_SIGN_STYLE = Automatic;
				CURRENT_PROJECT_VERSION = 1;
				DEVELOPMENT_TEAM = GB2CY3HPJ4;
				GENERATE_INFOPLIST_FILE = YES;
				INFOPLIST_FILE = TableViewCollectionViewAvancado/Info.plist;
				INFOPLIST_KEY_UIApplicationSupportsIndirectInputEvents = YES;
				INFOPLIST_KEY_UILaunchStoryboardName = LaunchScreen;
				INFOPLIST_KEY_UIMainStoryboardFile = Main;
				INFOPLIST_KEY_UISupportedInterfaceOrientations_iPad = "UIInterfaceOrientationPortrait UIInterfaceOrientationPortraitUpsideDown UIInterfaceOrientationLandscapeLeft UIInterfaceOrientationLandscapeRight";
				INFOPLIST_KEY_UISupportedInterfaceOrientations_iPhone = "UIInterfaceOrientationPortrait UIInterfaceOrientationLandscapeLeft UIInterfaceOrientationLandscapeRight";
				LD_RUNPATH_SEARCH_PATHS = (
					"$(inherited)",
					"@executable_path/Frameworks",
				);
				MARKETING_VERSION = 1.0;
				PRODUCT_BUNDLE_IDENTIFIER = BF348.TableViewCollectionViewAvancado;
				PRODUCT_NAME = "$(TARGET_NAME)";
				SUPPORTED_PLATFORMS = "iphoneos iphonesimulator";
				SUPPORTS_MACCATALYST = NO;
				SUPPORTS_MAC_DESIGNED_FOR_IPHONE_IPAD = NO;
				SWIFT_EMIT_LOC_STRINGS = YES;
				SWIFT_VERSION = 5.0;
				TARGETED_DEVICE_FAMILY = 1;
			};
			name = Release;
		};
/* End XCBuildConfiguration section */

/* Begin XCConfigurationList section */
		5678C63C29D4E4FB00F94B26 /* Build configuration list for PBXProject "TableViewCollectionViewAvancado" */ = {
			isa = XCConfigurationList;
			buildConfigurations = (
				5678C65329D4E4FD00F94B26 /* Debug */,
				5678C65429D4E4FD00F94B26 /* Release */,
			);
			defaultConfigurationIsVisible = 0;
			defaultConfigurationName = Release;
		};
		5678C65529D4E4FD00F94B26 /* Build configuration list for PBXNativeTarget "TableViewCollectionViewAvancado" */ = {
			isa = XCConfigurationList;
			buildConfigurations = (
				5678C65629D4E4FD00F94B26 /* Debug */,
				5678C65729D4E4FD00F94B26 /* Release */,
			);
			defaultConfigurationIsVisible = 0;
			defaultConfigurationName = Release;
		};
/* End XCConfigurationList section */
	};
	rootObject = 5678C63929D4E4FB00F94B26 /* Project object */;
}
