// !$*UTF8*$!
{
	archiveVersion = 1;
	classes = {
	};
	objectVersion = 56;
	objects = {

/* Begin PBXBuildFile section */
		5678C73A29DA172300F94B26 /* AppDelegate.swift in Sources */ = {isa = PBXBuildFile; fileRef = 5678C73929DA172300F94B26 /* AppDelegate.swift */; };
		5678C73C29DA172300F94B26 /* SceneDelegate.swift in Sources */ = {isa = PBXBuildFile; fileRef = 5678C73B29DA172300F94B26 /* SceneDelegate.swift */; };
		5678C73E29DA172300F94B26 /* ViewController.swift in Sources */ = {isa = PBXBuildFile; fileRef = 5678C73D29DA172300F94B26 /* ViewController.swift */; };
		5678C74129DA172300F94B26 /* Main.storyboard in Resources */ = {isa = PBXBuildFile; fileRef = 5678C73F29DA172300F94B26 /* Main.storyboard */; };
		5678C74329DA172500F94B26 /* Assets.xcassets in Resources */ = {isa = PBXBuildFile; fileRef = 5678C74229DA172500F94B26 /* Assets.xcassets */; };
		5678C74629DA172500F94B26 /* LaunchScreen.storyboard in Resources */ = {isa = PBXBuildFile; fileRef = 5678C74429DA172500F94B26 /* LaunchScreen.storyboard */; };
		5678C74F29DA1C4500F94B26 /* Person.swift in Sources */ = {isa = PBXBuildFile; fileRef = 5678C74E29DA1C4500F94B26 /* Person.swift */; };
		5678C75329DA1C9600F94B26 /* PersonTableViewCell.swift in Sources */ = {isa = PBXBuildFile; fileRef = 5678C75129DA1C9600F94B26 /* PersonTableViewCell.swift */; };
		5678C75429DA1C9600F94B26 /* PersonTableViewCell.xib in Resources */ = {isa = PBXBuildFile; fileRef = 5678C75229DA1C9600F94B26 /* PersonTableViewCell.xib */; };
		5678C75829DA1CBE00F94B26 /* EmptyTableViewCell.swift in Sources */ = {isa = PBXBuildFile; fileRef = 5678C75629DA1CBE00F94B26 /* EmptyTableViewCell.swift */; };
		5678C75929DA1CBE00F94B26 /* EmptyTableViewCell.xib in Resources */ = {isa = PBXBuildFile; fileRef = 5678C75729DA1CBE00F94B26 /* EmptyTableViewCell.xib */; };
		5678C75C29DA1CE100F94B26 /* AlertController.swift in Sources */ = {isa = PBXBuildFile; fileRef = 5678C75B29DA1CE100F94B26 /* AlertController.swift */; };
/* End PBXBuildFile section */

/* Begin PBXFileReference section */
		5678C73629DA172300F94B26 /* Roleta.app */ = {isa = PBXFileReference; explicitFileType = wrapper.application; includeInIndex = 0; path = Roleta.app; sourceTree = BUILT_PRODUCTS_DIR; };
		5678C73929DA172300F94B26 /* AppDelegate.swift */ = {isa = PBXFileReference; lastKnownFileType = sourcecode.swift; path = AppDelegate.swift; sourceTree = "<group>"; };
		5678C73B29DA172300F94B26 /* SceneDelegate.swift */ = {isa = PBXFileReference; lastKnownFileType = sourcecode.swift; path = SceneDelegate.swift; sourceTree = "<group>"; };
		5678C73D29DA172300F94B26 /* ViewController.swift */ = {isa = PBXFileReference; lastKnownFileType = sourcecode.swift; path = ViewController.swift; sourceTree = "<group>"; };
		5678C74029DA172300F94B26 /* Base */ = {isa = PBXFileReference; lastKnownFileType = file.storyboard; name = Base; path = Base.lproj/Main.storyboard; sourceTree = "<group>"; };
		5678C74229DA172500F94B26 /* Assets.xcassets */ = {isa = PBXFileReference; lastKnownFileType = folder.assetcatalog; path = Assets.xcassets; sourceTree = "<group>"; };
		5678C74529DA172500F94B26 /* Base */ = {isa = PBXFileReference; lastKnownFileType = file.storyboard; name = Base; path = Base.lproj/LaunchScreen.storyboard; sourceTree = "<group>"; };
		5678C74729DA172500F94B26 /* Info.plist */ = {isa = PBXFileReference; lastKnownFileType = text.plist.xml; path = Info.plist; sourceTree = "<group>"; };
		5678C74E29DA1C4500F94B26 /* Person.swift */ = {isa = PBXFileReference; lastKnownFileType = sourcecode.swift; path = Person.swift; sourceTree = "<group>"; };
		5678C75129DA1C9600F94B26 /* PersonTableViewCell.swift */ = {isa = PBXFileReference; lastKnownFileType = sourcecode.swift; path = PersonTableViewCell.swift; sourceTree = "<group>"; };
		5678C75229DA1C9600F94B26 /* PersonTableViewCell.xib */ = {isa = PBXFileReference; lastKnownFileType = file.xib; path = PersonTableViewCell.xib; sourceTree = "<group>"; };
		5678C75629DA1CBE00F94B26 /* EmptyTableViewCell.swift */ = {isa = PBXFileReference; lastKnownFileType = sourcecode.swift; path = EmptyTableViewCell.swift; sourceTree = "<group>"; };
		5678C75729DA1CBE00F94B26 /* EmptyTableViewCell.xib */ = {isa = PBXFileReference; lastKnownFileType = file.xib; path = EmptyTableViewCell.xib; sourceTree = "<group>"; };
		5678C75B29DA1CE100F94B26 /* AlertController.swift */ = {isa = PBXFileReference; lastKnownFileType = sourcecode.swift; path = AlertController.swift; sourceTree = "<group>"; };
/* End PBXFileReference section */

/* Begin PBXFrameworksBuildPhase section */
		5678C73329DA172300F94B26 /* Frameworks */ = {
			isa = PBXFrameworksBuildPhase;
			buildActionMask = 2147483647;
			files = (
			);
			runOnlyForDeploymentPostprocessing = 0;
		};
/* End PBXFrameworksBuildPhase section */

/* Begin PBXGroup section */
		5678C72D29DA172300F94B26 = {
			isa = PBXGroup;
			children = (
				5678C73829DA172300F94B26 /* Roleta */,
				5678C73729DA172300F94B26 /* Products */,
			);
			sourceTree = "<group>";
		};
		5678C73729DA172300F94B26 /* Products */ = {
			isa = PBXGroup;
			children = (
				5678C73629DA172300F94B26 /* Roleta.app */,
			);
			name = Products;
			sourceTree = "<group>";
		};
		5678C73829DA172300F94B26 /* Roleta */ = {
			isa = PBXGroup;
			children = (
				5678C74D29DA1C2D00F94B26 /* Model */,
				5678C75A29DA1CC200F94B26 /* Alert */,
				5678C75529DA1C9C00F94B26 /* EmptyCell */,
				5678C75029DA1C6C00F94B26 /* Person */,
				5678C73D29DA172300F94B26 /* ViewController.swift */,
				5678C73F29DA172300F94B26 /* Main.storyboard */,
				5678C73929DA172300F94B26 /* AppDelegate.swift */,
				5678C73B29DA172300F94B26 /* SceneDelegate.swift */,
				5678C74229DA172500F94B26 /* Assets.xcassets */,
				5678C74429DA172500F94B26 /* LaunchScreen.storyboard */,
				5678C74729DA172500F94B26 /* Info.plist */,
			);
			path = Roleta;
			sourceTree = "<group>";
		};
		5678C74D29DA1C2D00F94B26 /* Model */ = {
			isa = PBXGroup;
			children = (
				5678C74E29DA1C4500F94B26 /* Person.swift */,
			);
			path = Model;
			sourceTree = "<group>";
		};
		5678C75029DA1C6C00F94B26 /* Person */ = {
			isa = PBXGroup;
			children = (
				5678C75129DA1C9600F94B26 /* PersonTableViewCell.swift */,
				5678C75229DA1C9600F94B26 /* PersonTableViewCell.xib */,
			);
			path = Person;
			sourceTree = "<group>";
		};
		5678C75529DA1C9C00F94B26 /* EmptyCell */ = {
			isa = PBXGroup;
			children = (
				5678C75629DA1CBE00F94B26 /* EmptyTableViewCell.swift */,
				5678C75729DA1CBE00F94B26 /* EmptyTableViewCell.xib */,
			);
			path = EmptyCell;
			sourceTree = "<group>";
		};
		5678C75A29DA1CC200F94B26 /* Alert */ = {
			isa = PBXGroup;
			children = (
				5678C75B29DA1CE100F94B26 /* AlertController.swift */,
			);
			path = Alert;
			sourceTree = "<group>";
		};
/* End PBXGroup section */

/* Begin PBXNativeTarget section */
		5678C73529DA172300F94B26 /* Roleta */ = {
			isa = PBXNativeTarget;
			buildConfigurationList = 5678C74A29DA172500F94B26 /* Build configuration list for PBXNativeTarget "Roleta" */;
			buildPhases = (
				5678C73229DA172300F94B26 /* Sources */,
				5678C73329DA172300F94B26 /* Frameworks */,
				5678C73429DA172300F94B26 /* Resources */,
			);
			buildRules = (
			);
			dependencies = (
			);
			name = Roleta;
			productName = Roleta;
			productReference = 5678C73629DA172300F94B26 /* Roleta.app */;
			productType = "com.apple.product-type.application";
		};
/* End PBXNativeTarget section */

/* Begin PBXProject section */
		5678C72E29DA172300F94B26 /* Project object */ = {
			isa = PBXProject;
			attributes = {
				BuildIndependentTargetsInParallel = 1;
				LastSwiftUpdateCheck = 1400;
				LastUpgradeCheck = 1400;
				TargetAttributes = {
					5678C73529DA172300F94B26 = {
						CreatedOnToolsVersion = 14.0.1;
					};
				};
			};
			buildConfigurationList = 5678C73129DA172300F94B26 /* Build configuration list for PBXProject "Roleta" */;
			compatibilityVersion = "Xcode 14.0";
			developmentRegion = en;
			hasScannedForEncodings = 0;
			knownRegions = (
				en,
				Base,
			);
			mainGroup = 5678C72D29DA172300F94B26;
			productRefGroup = 5678C73729DA172300F94B26 /* Products */;
			projectDirPath = "";
			projectRoot = "";
			targets = (
				5678C73529DA172300F94B26 /* Roleta */,
			);
		};
/* End PBXProject section */

/* Begin PBXResourcesBuildPhase section */
		5678C73429DA172300F94B26 /* Resources */ = {
			isa = PBXResourcesBuildPhase;
			buildActionMask = 2147483647;
			files = (
				5678C74629DA172500F94B26 /* LaunchScreen.storyboard in Resources */,
				5678C75929DA1CBE00F94B26 /* EmptyTableViewCell.xib in Resources */,
				5678C74329DA172500F94B26 /* Assets.xcassets in Resources */,
				5678C75429DA1C9600F94B26 /* PersonTableViewCell.xib in Resources */,
				5678C74129DA172300F94B26 /* Main.storyboard in Resources */,
			);
			runOnlyForDeploymentPostprocessing = 0;
		};
/* End PBXResourcesBuildPhase section */

/* Begin PBXSourcesBuildPhase section */
		5678C73229DA172300F94B26 /* Sources */ = {
			isa = PBXSourcesBuildPhase;
			buildActionMask = 2147483647;
			files = (
				5678C73E29DA172300F94B26 /* ViewController.swift in Sources */,
				5678C73A29DA172300F94B26 /* AppDelegate.swift in Sources */,
				5678C74F29DA1C4500F94B26 /* Person.swift in Sources */,
				5678C75329DA1C9600F94B26 /* PersonTableViewCell.swift in Sources */,
				5678C75C29DA1CE100F94B26 /* AlertController.swift in Sources */,
				5678C73C29DA172300F94B26 /* SceneDelegate.swift in Sources */,
				5678C75829DA1CBE00F94B26 /* EmptyTableViewCell.swift in Sources */,
			);
			runOnlyForDeploymentPostprocessing = 0;
		};
/* End PBXSourcesBuildPhase section */

/* Begin PBXVariantGroup section */
		5678C73F29DA172300F94B26 /* Main.storyboard */ = {
			isa = PBXVariantGroup;
			children = (
				5678C74029DA172300F94B26 /* Base */,
			);
			name = Main.storyboard;
			sourceTree = "<group>";
		};
		5678C74429DA172500F94B26 /* LaunchScreen.storyboard */ = {
			isa = PBXVariantGroup;
			children = (
				5678C74529DA172500F94B26 /* Base */,
			);
			name = LaunchScreen.storyboard;
			sourceTree = "<group>";
		};
/* End PBXVariantGroup section */

/* Begin XCBuildConfiguration section */
		5678C74829DA172500F94B26 /* Debug */ = {
			isa = XCBuildConfiguration;
			buildSettings = {
				ALWAYS_SEARCH_USER_PATHS = NO;
				CLANG_ANALYZER_NONNULL = YES;
				CLANG_ANALYZER_NUMBER_OBJECT_CONVERSION = YES_AGGRESSIVE;
				CLANG_CXX_LANGUAGE_STANDARD = "gnu++20";
				CLANG_ENABLE_MODULES = YES;
				CLANG_ENABLE_OBJC_ARC = YES;
				CLANG_ENABLE_OBJC_WEAK = YES;
				CLANG_WARN_BLOCK_CAPTURE_AUTORELEASING = YES;
				CLANG_WARN_BOOL_CONVERSION = YES;
				CLANG_WARN_COMMA = YES;
				CLANG_WARN_CONSTANT_CONVERSION = YES;
				CLANG_WARN_DEPRECATED_OBJC_IMPLEMENTATIONS = YES;
				CLANG_WARN_DIRECT_OBJC_ISA_USAGE = YES_ERROR;
				CLANG_WARN_DOCUMENTATION_COMMENTS = YES;
				CLANG_WARN_EMPTY_BODY = YES;
				CLANG_WARN_ENUM_CONVERSION = YES;
				CLANG_WARN_INFINITE_RECURSION = YES;
				CLANG_WARN_INT_CONVERSION = YES;
				CLANG_WARN_NON_LITERAL_NULL_CONVERSION = YES;
				CLANG_WARN_OBJC_IMPLICIT_RETAIN_SELF = YES;
				CLANG_WARN_OBJC_LITERAL_CONVERSION = YES;
				CLANG_WARN_OBJC_ROOT_CLASS = YES_ERROR;
				CLANG_WARN_QUOTED_INCLUDE_IN_FRAMEWORK_HEADER = YES;
				CLANG_WARN_RANGE_LOOP_ANALYSIS = YES;
				CLANG_WARN_STRICT_PROTOTYPES = YES;
				CLANG_WARN_SUSPICIOUS_MOVE = YES;
				CLANG_WARN_UNGUARDED_AVAILABILITY = YES_AGGRESSIVE;
				CLANG_WARN_UNREACHABLE_CODE = YES;
				CLANG_WARN__DUPLICATE_METHOD_MATCH = YES;
				COPY_PHASE_STRIP = NO;
				DEBUG_INFORMATION_FORMAT = dwarf;
				ENABLE_STRICT_OBJC_MSGSEND = YES;
				ENABLE_TESTABILITY = YES;
				GCC_C_LANGUAGE_STANDARD = gnu11;
				GCC_DYNAMIC_NO_PIC = NO;
				GCC_NO_COMMON_BLOCKS = YES;
				GCC_OPTIMIZATION_LEVEL = 0;
				GCC_PREPROCESSOR_DEFINITIONS = (
					"DEBUG=1",
					"$(inherited)",
				);
				GCC_WARN_64_TO_32_BIT_CONVERSION = YES;
				GCC_WARN_ABOUT_RETURN_TYPE = YES_ERROR;
				GCC_WARN_UNDECLARED_SELECTOR = YES;
				GCC_WARN_UNINITIALIZED_AUTOS = YES_AGGRESSIVE;
				GCC_WARN_UNUSED_FUNCTION = YES;
				GCC_WARN_UNUSED_VARIABLE = YES;
				IPHONEOS_DEPLOYMENT_TARGET = 16.0;
				MTL_ENABLE_DEBUG_INFO = INCLUDE_SOURCE;
				MTL_FAST_MATH = YES;
				ONLY_ACTIVE_ARCH = YES;
				SDKROOT = iphoneos;
				SWIFT_ACTIVE_COMPILATION_CONDITIONS = DEBUG;
				SWIFT_OPTIMIZATION_LEVEL = "-Onone";
			};
			name = Debug;
		};
		5678C74929DA172500F94B26 /* Release */ = {
			isa = XCBuildConfiguration;
			buildSettings = {
				ALWAYS_SEARCH_USER_PATHS = NO;
				CLANG_ANALYZER_NONNULL = YES;
				CLANG_ANALYZER_NUMBER_OBJECT_CONVERSION = YES_AGGRESSIVE;
				CLANG_CXX_LANGUAGE_STANDARD = "gnu++20";
				CLANG_ENABLE_MODULES = YES;
				CLANG_ENABLE_OBJC_ARC = YES;
				CLANG_ENABLE_OBJC_WEAK = YES;
				CLANG_WARN_BLOCK_CAPTURE_AUTORELEASING = YES;
				CLANG_WARN_BOOL_CONVERSION = YES;
				CLANG_WARN_COMMA = YES;
				CLANG_WARN_CONSTANT_CONVERSION = YES;
				CLANG_WARN_DEPRECATED_OBJC_IMPLEMENTATIONS = YES;
				CLANG_WARN_DIRECT_OBJC_ISA_USAGE = YES_ERROR;
				CLANG_WARN_DOCUMENTATION_COMMENTS = YES;
				CLANG_WARN_EMPTY_BODY = YES;
				CLANG_WARN_ENUM_CONVERSION = YES;
				CLANG_WARN_INFINITE_RECURSION = YES;
				CLANG_WARN_INT_CONVERSION = YES;
				CLANG_WARN_NON_LITERAL_NULL_CONVERSION = YES;
				CLANG_WARN_OBJC_IMPLICIT_RETAIN_SELF = YES;
				CLANG_WARN_OBJC_LITERAL_CONVERSION = YES;
				CLANG_WARN_OBJC_ROOT_CLASS = YES_ERROR;
				CLANG_WARN_QUOTED_INCLUDE_IN_FRAMEWORK_HEADER = YES;
				CLANG_WARN_RANGE_LOOP_ANALYSIS = YES;
				CLANG_WARN_STRICT_PROTOTYPES = YES;
				CLANG_WARN_SUSPICIOUS_MOVE = YES;
				CLANG_WARN_UNGUARDED_AVAILABILITY = YES_AGGRESSIVE;
				CLANG_WARN_UNREACHABLE_CODE = YES;
				CLANG_WARN__DUPLICATE_METHOD_MATCH = YES;
				COPY_PHASE_STRIP = NO;
				DEBUG_INFORMATION_FORMAT = "dwarf-with-dsym";
				ENABLE_NS_ASSERTIONS = NO;
				ENABLE_STRICT_OBJC_MSGSEND = YES;
				GCC_C_LANGUAGE_STANDARD = gnu11;
				GCC_NO_COMMON_BLOCKS = YES;
				GCC_WARN_64_TO_32_BIT_CONVERSION = YES;
				GCC_WARN_ABOUT_RETURN_TYPE = YES_ERROR;
				GCC_WARN_UNDECLARED_SELECTOR = YES;
				GCC_WARN_UNINITIALIZED_AUTOS = YES_AGGRESSIVE;
				GCC_WARN_UNUSED_FUNCTION = YES;
				GCC_WARN_UNUSED_VARIABLE = YES;
				IPHONEOS_DEPLOYMENT_TARGET = 16.0;
				MTL_ENABLE_DEBUG_INFO = NO;
				MTL_FAST_MATH = YES;
				SDKROOT = iphoneos;
				SWIFT_COMPILATION_MODE = wholemodule;
				SWIFT_OPTIMIZATION_LEVEL = "-O";
				VALIDATE_PRODUCT = YES;
			};
			name = Release;
		};
		5678C74B29DA172500F94B26 /* Debug */ = {
			isa = XCBuildConfiguration;
			buildSettings = {
				ASSETCATALOG_COMPILER_APPICON_NAME = AppIcon;
				ASSETCATALOG_COMPILER_GLOBAL_ACCENT_COLOR_NAME = AccentColor;
				CODE_SIGN_STYLE = Automatic;
				CURRENT_PROJECT_VERSION = 1;
				DEVELOPMENT_TEAM = GB2CY3HPJ4;
				GENERATE_INFOPLIST_FILE = YES;
				INFOPLIST_FILE = Roleta/Info.plist;
				INFOPLIST_KEY_UIApplicationSupportsIndirectInputEvents = YES;
				INFOPLIST_KEY_UILaunchStoryboardName = LaunchScreen;
				INFOPLIST_KEY_UIMainStoryboardFile = Main;
				INFOPLIST_KEY_UISupportedInterfaceOrientations_iPad = "UIInterfaceOrientationPortrait UIInterfaceOrientationPortraitUpsideDown UIInterfaceOrientationLandscapeLeft UIInterfaceOrientationLandscapeRight";
				INFOPLIST_KEY_UISupportedInterfaceOrientations_iPhone = "UIInterfaceOrientationPortrait UIInterfaceOrientationLandscapeLeft UIInterfaceOrientationLandscapeRight";
				LD_RUNPATH_SEARCH_PATHS = (
					"$(inherited)",
					"@executable_path/Frameworks",
				);
				MARKETING_VERSION = 1.0;
				PRODUCT_BUNDLE_IDENTIFIER = BF348.Roleta;
				PRODUCT_NAME = "$(TARGET_NAME)";
				SUPPORTED_PLATFORMS = "iphoneos iphonesimulator";
				SUPPORTS_MACCATALYST = NO;
				SUPPORTS_MAC_DESIGNED_FOR_IPHONE_IPAD = NO;
				SWIFT_EMIT_LOC_STRINGS = YES;
				SWIFT_VERSION = 5.0;
				TARGETED_DEVICE_FAMILY = 1;
			};
			name = Debug;
		};
		5678C74C29DA172500F94B26 /* Release */ = {
			isa = XCBuildConfiguration;
			buildSettings = {
				ASSETCATALOG_COMPILER_APPICON_NAME = AppIcon;
				ASSETCATALOG_COMPILER_GLOBAL_ACCENT_COLOR_NAME = AccentColor;
				CODE_SIGN_STYLE = Automatic;
				CURRENT_PROJECT_VERSION = 1;
				DEVELOPMENT_TEAM = GB2CY3HPJ4;
				GENERATE_INFOPLIST_FILE = YES;
				INFOPLIST_FILE = Roleta/Info.plist;
				INFOPLIST_KEY_UIApplicationSupportsIndirectInputEvents = YES;
				INFOPLIST_KEY_UILaunchStoryboardName = LaunchScreen;
				INFOPLIST_KEY_UIMainStoryboardFile = Main;
				INFOPLIST_KEY_UISupportedInterfaceOrientations_iPad = "UIInterfaceOrientationPortrait UIInterfaceOrientationPortraitUpsideDown UIInterfaceOrientationLandscapeLeft UIInterfaceOrientationLandscapeRight";
				INFOPLIST_KEY_UISupportedInterfaceOrientations_iPhone = "UIInterfaceOrientationPortrait UIInterfaceOrientationLandscapeLeft UIInterfaceOrientationLandscapeRight";
				LD_RUNPATH_SEARCH_PATHS = (
					"$(inherited)",
					"@executable_path/Frameworks",
				);
				MARKETING_VERSION = 1.0;
				PRODUCT_BUNDLE_IDENTIFIER = BF348.Roleta;
				PRODUCT_NAME = "$(TARGET_NAME)";
				SUPPORTED_PLATFORMS = "iphoneos iphonesimulator";
				SUPPORTS_MACCATALYST = NO;
				SUPPORTS_MAC_DESIGNED_FOR_IPHONE_IPAD = NO;
				SWIFT_EMIT_LOC_STRINGS = YES;
				SWIFT_VERSION = 5.0;
				TARGETED_DEVICE_FAMILY = 1;
			};
			name = Release;
		};
/* End XCBuildConfiguration section */

/* Begin XCConfigurationList section */
		5678C73129DA172300F94B26 /* Build configuration list for PBXProject "Roleta" */ = {
			isa = XCConfigurationList;
			buildConfigurations = (
				5678C74829DA172500F94B26 /* Debug */,
				5678C74929DA172500F94B26 /* Release */,
			);
			defaultConfigurationIsVisible = 0;
			defaultConfigurationName = Release;
		};
		5678C74A29DA172500F94B26 /* Build configuration list for PBXNativeTarget "Roleta" */ = {
			isa = XCConfigurationList;
			buildConfigurations = (
				5678C74B29DA172500F94B26 /* Debug */,
				5678C74C29DA172500F94B26 /* Release */,
			);
			defaultConfigurationIsVisible = 0;
			defaultConfigurationName = Release;
		};
/* End XCConfigurationList section */
	};
	rootObject = 5678C72E29DA172300F94B26 /* Project object */;
}
