// !$*UTF8*$!
{
	archiveVersion = 1;
	classes = {
	};
	objectVersion = 56;
	objects = {

/* Begin PBXBuildFile section */
		5678C69829D6065F00F94B26 /* AppDelegate.swift in Sources */ = {isa = PBXBuildFile; fileRef = 5678C69729D6065F00F94B26 /* AppDelegate.swift */; };
		5678C69A29D6065F00F94B26 /* SceneDelegate.swift in Sources */ = {isa = PBXBuildFile; fileRef = 5678C69929D6065F00F94B26 /* SceneDelegate.swift */; };
		5678C69C29D6065F00F94B26 /* Tela01ViewController.swift in Sources */ = {isa = PBXBuildFile; fileRef = 5678C69B29D6065F00F94B26 /* Tela01ViewController.swift */; };
		5678C69F29D6065F00F94B26 /* Main.storyboard in Resources */ = {isa = PBXBuildFile; fileRef = 5678C69D29D6065F00F94B26 /* Main.storyboard */; };
		5678C6A129D6066100F94B26 /* Assets.xcassets in Resources */ = {isa = PBXBuildFile; fileRef = 5678C6A029D6066100F94B26 /* Assets.xcassets */; };
		5678C6A429D6066100F94B26 /* LaunchScreen.storyboard in Resources */ = {isa = PBXBuildFile; fileRef = 5678C6A229D6066100F94B26 /* LaunchScreen.storyboard */; };
		5678C6AC29D60A3700F94B26 /* Tela02ViewController.swift in Sources */ = {isa = PBXBuildFile; fileRef = 5678C6AB29D60A3700F94B26 /* Tela02ViewController.swift */; };
		5678C6AE29D60A6700F94B26 /* Tela03ViewController.swift in Sources */ = {isa = PBXBuildFile; fileRef = 5678C6AD29D60A6700F94B26 /* Tela03ViewController.swift */; };
		5678C6B229D60B0800F94B26 /* TableViewCell.swift in Sources */ = {isa = PBXBuildFile; fileRef = 5678C6B029D60B0800F94B26 /* TableViewCell.swift */; };
		5678C6B329D60B0800F94B26 /* TableViewCell.xib in Resources */ = {isa = PBXBuildFile; fileRef = 5678C6B129D60B0800F94B26 /* TableViewCell.xib */; };
		5678C6B629D60B3000F94B26 /* User.swift in Sources */ = {isa = PBXBuildFile; fileRef = 5678C6B529D60B3000F94B26 /* User.swift */; };
		5678C6B929D60F2100F94B26 /* TabBarController.swift in Sources */ = {isa = PBXBuildFile; fileRef = 5678C6B829D60F2100F94B26 /* TabBarController.swift */; };
/* End PBXBuildFile section */

/* Begin PBXFileReference section */
		5678C69429D6065F00F94B26 /* DesafioTabBarBF348.app */ = {isa = PBXFileReference; explicitFileType = wrapper.application; includeInIndex = 0; path = DesafioTabBarBF348.app; sourceTree = BUILT_PRODUCTS_DIR; };
		5678C69729D6065F00F94B26 /* AppDelegate.swift */ = {isa = PBXFileReference; lastKnownFileType = sourcecode.swift; path = AppDelegate.swift; sourceTree = "<group>"; };
		5678C69929D6065F00F94B26 /* SceneDelegate.swift */ = {isa = PBXFileReference; lastKnownFileType = sourcecode.swift; path = SceneDelegate.swift; sourceTree = "<group>"; };
		5678C69B29D6065F00F94B26 /* Tela01ViewController.swift */ = {isa = PBXFileReference; lastKnownFileType = sourcecode.swift; path = Tela01ViewController.swift; sourceTree = "<group>"; };
		5678C69E29D6065F00F94B26 /* Base */ = {isa = PBXFileReference; lastKnownFileType = file.storyboard; name = Base; path = Base.lproj/Main.storyboard; sourceTree = "<group>"; };
		5678C6A029D6066100F94B26 /* Assets.xcassets */ = {isa = PBXFileReference; lastKnownFileType = folder.assetcatalog; path = Assets.xcassets; sourceTree = "<group>"; };
		5678C6A329D6066100F94B26 /* Base */ = {isa = PBXFileReference; lastKnownFileType = file.storyboard; name = Base; path = Base.lproj/LaunchScreen.storyboard; sourceTree = "<group>"; };
		5678C6A529D6066100F94B26 /* Info.plist */ = {isa = PBXFileReference; lastKnownFileType = text.plist.xml; path = Info.plist; sourceTree = "<group>"; };
		5678C6AB29D60A3700F94B26 /* Tela02ViewController.swift */ = {isa = PBXFileReference; lastKnownFileType = sourcecode.swift; path = Tela02ViewController.swift; sourceTree = "<group>"; };
		5678C6AD29D60A6700F94B26 /* Tela03ViewController.swift */ = {isa = PBXFileReference; lastKnownFileType = sourcecode.swift; path = Tela03ViewController.swift; sourceTree = "<group>"; };
		5678C6B029D60B0800F94B26 /* TableViewCell.swift */ = {isa = PBXFileReference; lastKnownFileType = sourcecode.swift; path = TableViewCell.swift; sourceTree = "<group>"; };
		5678C6B129D60B0800F94B26 /* TableViewCell.xib */ = {isa = PBXFileReference; lastKnownFileType = file.xib; path = TableViewCell.xib; sourceTree = "<group>"; };
		5678C6B529D60B3000F94B26 /* User.swift */ = {isa = PBXFileReference; lastKnownFileType = sourcecode.swift; path = User.swift; sourceTree = "<group>"; };
		5678C6B829D60F2100F94B26 /* TabBarController.swift */ = {isa = PBXFileReference; lastKnownFileType = sourcecode.swift; path = TabBarController.swift; sourceTree = "<group>"; };
/* End PBXFileReference section */

/* Begin PBXFrameworksBuildPhase section */
		5678C69129D6065F00F94B26 /* Frameworks */ = {
			isa = PBXFrameworksBuildPhase;
			buildActionMask = 2147483647;
			files = (
			);
			runOnlyForDeploymentPostprocessing = 0;
		};
/* End PBXFrameworksBuildPhase section */

/* Begin PBXGroup section */
		5678C68B29D6065F00F94B26 = {
			isa = PBXGroup;
			children = (
				5678C69629D6065F00F94B26 /* DesafioTabBarBF348 */,
				5678C69529D6065F00F94B26 /* Products */,
			);
			sourceTree = "<group>";
		};
		5678C69529D6065F00F94B26 /* Products */ = {
			isa = PBXGroup;
			children = (
				5678C69429D6065F00F94B26 /* DesafioTabBarBF348.app */,
			);
			name = Products;
			sourceTree = "<group>";
		};
		5678C69629D6065F00F94B26 /* DesafioTabBarBF348 */ = {
			isa = PBXGroup;
			children = (
				5678C6B429D60B1D00F94B26 /* Model */,
				5678C6AF29D60AD800F94B26 /* TableViewCell */,
				5678C69729D6065F00F94B26 /* AppDelegate.swift */,
				5678C69929D6065F00F94B26 /* SceneDelegate.swift */,
				5678C69B29D6065F00F94B26 /* Tela01ViewController.swift */,
				5678C6AB29D60A3700F94B26 /* Tela02ViewController.swift */,
				5678C6AD29D60A6700F94B26 /* Tela03ViewController.swift */,
				5678C69D29D6065F00F94B26 /* Main.storyboard */,
				5678C6B829D60F2100F94B26 /* TabBarController.swift */,
				5678C6A029D6066100F94B26 /* Assets.xcassets */,
				5678C6A229D6066100F94B26 /* LaunchScreen.storyboard */,
				5678C6A529D6066100F94B26 /* Info.plist */,
			);
			path = DesafioTabBarBF348;
			sourceTree = "<group>";
		};
		5678C6AF29D60AD800F94B26 /* TableViewCell */ = {
			isa = PBXGroup;
			children = (
				5678C6B029D60B0800F94B26 /* TableViewCell.swift */,
				5678C6B129D60B0800F94B26 /* TableViewCell.xib */,
			);
			path = TableViewCell;
			sourceTree = "<group>";
		};
		5678C6B429D60B1D00F94B26 /* Model */ = {
			isa = PBXGroup;
			children = (
				5678C6B529D60B3000F94B26 /* User.swift */,
			);
			path = Model;
			sourceTree = "<group>";
		};
/* End PBXGroup section */

/* Begin PBXNativeTarget section */
		5678C69329D6065F00F94B26 /* DesafioTabBarBF348 */ = {
			isa = PBXNativeTarget;
			buildConfigurationList = 5678C6A829D6066100F94B26 /* Build configuration list for PBXNativeTarget "DesafioTabBarBF348" */;
			buildPhases = (
				5678C69029D6065F00F94B26 /* Sources */,
				5678C69129D6065F00F94B26 /* Frameworks */,
				5678C69229D6065F00F94B26 /* Resources */,
			);
			buildRules = (
			);
			dependencies = (
			);
			name = DesafioTabBarBF348;
			productName = DesafioTabBarBF348;
			productReference = 5678C69429D6065F00F94B26 /* DesafioTabBarBF348.app */;
			productType = "com.apple.product-type.application";
		};
/* End PBXNativeTarget section */

/* Begin PBXProject section */
		5678C68C29D6065F00F94B26 /* Project object */ = {
			isa = PBXProject;
			attributes = {
				BuildIndependentTargetsInParallel = 1;
				LastSwiftUpdateCheck = 1400;
				LastUpgradeCheck = 1400;
				TargetAttributes = {
					5678C69329D6065F00F94B26 = {
						CreatedOnToolsVersion = 14.0.1;
					};
				};
			};
			buildConfigurationList = 5678C68F29D6065F00F94B26 /* Build configuration list for PBXProject "DesafioTabBarBF348" */;
			compatibilityVersion = "Xcode 14.0";
			developmentRegion = en;
			hasScannedForEncodings = 0;
			knownRegions = (
				en,
				Base,
			);
			mainGroup = 5678C68B29D6065F00F94B26;
			productRefGroup = 5678C69529D6065F00F94B26 /* Products */;
			projectDirPath = "";
			projectRoot = "";
			targets = (
				5678C69329D6065F00F94B26 /* DesafioTabBarBF348 */,
			);
		};
/* End PBXProject section */

/* Begin PBXResourcesBuildPhase section */
		5678C69229D6065F00F94B26 /* Resources */ = {
			isa = PBXResourcesBuildPhase;
			buildActionMask = 2147483647;
			files = (
				5678C6A429D6066100F94B26 /* LaunchScreen.storyboard in Resources */,
				5678C6B329D60B0800F94B26 /* TableViewCell.xib in Resources */,
				5678C6A129D6066100F94B26 /* Assets.xcassets in Resources */,
				5678C69F29D6065F00F94B26 /* Main.storyboard in Resources */,
			);
			runOnlyForDeploymentPostprocessing = 0;
		};
/* End PBXResourcesBuildPhase section */

/* Begin PBXSourcesBuildPhase section */
		5678C69029D6065F00F94B26 /* Sources */ = {
			isa = PBXSourcesBuildPhase;
			buildActionMask = 2147483647;
			files = (
				5678C6AC29D60A3700F94B26 /* Tela02ViewController.swift in Sources */,
				5678C6B929D60F2100F94B26 /* TabBarController.swift in Sources */,
				5678C69C29D6065F00F94B26 /* Tela01ViewController.swift in Sources */,
				5678C69829D6065F00F94B26 /* AppDelegate.swift in Sources */,
				5678C6B229D60B0800F94B26 /* TableViewCell.swift in Sources */,
				5678C69A29D6065F00F94B26 /* SceneDelegate.swift in Sources */,
				5678C6AE29D60A6700F94B26 /* Tela03ViewController.swift in Sources */,
				5678C6B629D60B3000F94B26 /* User.swift in Sources */,
			);
			runOnlyForDeploymentPostprocessing = 0;
		};
/* End PBXSourcesBuildPhase section */

/* Begin PBXVariantGroup section */
		5678C69D29D6065F00F94B26 /* Main.storyboard */ = {
			isa = PBXVariantGroup;
			children = (
				5678C69E29D6065F00F94B26 /* Base */,
			);
			name = Main.storyboard;
			sourceTree = "<group>";
		};
		5678C6A229D6066100F94B26 /* LaunchScreen.storyboard */ = {
			isa = PBXVariantGroup;
			children = (
				5678C6A329D6066100F94B26 /* Base */,
			);
			name = LaunchScreen.storyboard;
			sourceTree = "<group>";
		};
/* End PBXVariantGroup section */

/* Begin XCBuildConfiguration section */
		5678C6A629D6066100F94B26 /* Debug */ = {
			isa = XCBuildConfiguration;
			buildSettings = {
				ALWAYS_SEARCH_USER_PATHS = NO;
				CLANG_ANALYZER_NONNULL = YES;
				CLANG_ANALYZER_NUMBER_OBJECT_CONVERSION = YES_AGGRESSIVE;
				CLANG_CXX_LANGUAGE_STANDARD = "gnu++20";
				CLANG_ENABLE_MODULES = YES;
				CLANG_ENABLE_OBJC_ARC = YES;
				CLANG_ENABLE_OBJC_WEAK = YES;
				CLANG_WARN_BLOCK_CAPTURE_AUTORELEASING = YES;
				CLANG_WARN_BOOL_CONVERSION = YES;
				CLANG_WARN_COMMA = YES;
				CLANG_WARN_CONSTANT_CONVERSION = YES;
				CLANG_WARN_DEPRECATED_OBJC_IMPLEMENTATIONS = YES;
				CLANG_WARN_DIRECT_OBJC_ISA_USAGE = YES_ERROR;
				CLANG_WARN_DOCUMENTATION_COMMENTS = YES;
				CLANG_WARN_EMPTY_BODY = YES;
				CLANG_WARN_ENUM_CONVERSION = YES;
				CLANG_WARN_INFINITE_RECURSION = YES;
				CLANG_WARN_INT_CONVERSION = YES;
				CLANG_WARN_NON_LITERAL_NULL_CONVERSION = YES;
				CLANG_WARN_OBJC_IMPLICIT_RETAIN_SELF = YES;
				CLANG_WARN_OBJC_LITERAL_CONVERSION = YES;
				CLANG_WARN_OBJC_ROOT_CLASS = YES_ERROR;
				CLANG_WARN_QUOTED_INCLUDE_IN_FRAMEWORK_HEADER = YES;
				CLANG_WARN_RANGE_LOOP_ANALYSIS = YES;
				CLANG_WARN_STRICT_PROTOTYPES = YES;
				CLANG_WARN_SUSPICIOUS_MOVE = YES;
				CLANG_WARN_UNGUARDED_AVAILABILITY = YES_AGGRESSIVE;
				CLANG_WARN_UNREACHABLE_CODE = YES;
				CLANG_WARN__DUPLICATE_METHOD_MATCH = YES;
				COPY_PHASE_STRIP = NO;
				DEBUG_INFORMATION_FORMAT = dwarf;
				ENABLE_STRICT_OBJC_MSGSEND = YES;
				ENABLE_TESTABILITY = YES;
				GCC_C_LANGUAGE_STANDARD = gnu11;
				GCC_DYNAMIC_NO_PIC = NO;
				GCC_NO_COMMON_BLOCKS = YES;
				GCC_OPTIMIZATION_LEVEL = 0;
				GCC_PREPROCESSOR_DEFINITIONS = (
					"DEBUG=1",
					"$(inherited)",
				);
				GCC_WARN_64_TO_32_BIT_CONVERSION = YES;
				GCC_WARN_ABOUT_RETURN_TYPE = YES_ERROR;
				GCC_WARN_UNDECLARED_SELECTOR = YES;
				GCC_WARN_UNINITIALIZED_AUTOS = YES_AGGRESSIVE;
				GCC_WARN_UNUSED_FUNCTION = YES;
				GCC_WARN_UNUSED_VARIABLE = YES;
				IPHONEOS_DEPLOYMENT_TARGET = 16.0;
				MTL_ENABLE_DEBUG_INFO = INCLUDE_SOURCE;
				MTL_FAST_MATH = YES;
				ONLY_ACTIVE_ARCH = YES;
				SDKROOT = iphoneos;
				SWIFT_ACTIVE_COMPILATION_CONDITIONS = DEBUG;
				SWIFT_OPTIMIZATION_LEVEL = "-Onone";
			};
			name = Debug;
		};
		5678C6A729D6066100F94B26 /* Release */ = {
			isa = XCBuildConfiguration;
			buildSettings = {
				ALWAYS_SEARCH_USER_PATHS = NO;
				CLANG_ANALYZER_NONNULL = YES;
				CLANG_ANALYZER_NUMBER_OBJECT_CONVERSION = YES_AGGRESSIVE;
				CLANG_CXX_LANGUAGE_STANDARD = "gnu++20";
				CLANG_ENABLE_MODULES = YES;
				CLANG_ENABLE_OBJC_ARC = YES;
				CLANG_ENABLE_OBJC_WEAK = YES;
				CLANG_WARN_BLOCK_CAPTURE_AUTORELEASING = YES;
				CLANG_WARN_BOOL_CONVERSION = YES;
				CLANG_WARN_COMMA = YES;
				CLANG_WARN_CONSTANT_CONVERSION = YES;
				CLANG_WARN_DEPRECATED_OBJC_IMPLEMENTATIONS = YES;
				CLANG_WARN_DIRECT_OBJC_ISA_USAGE = YES_ERROR;
				CLANG_WARN_DOCUMENTATION_COMMENTS = YES;
				CLANG_WARN_EMPTY_BODY = YES;
				CLANG_WARN_ENUM_CONVERSION = YES;
				CLANG_WARN_INFINITE_RECURSION = YES;
				CLANG_WARN_INT_CONVERSION = YES;
				CLANG_WARN_NON_LITERAL_NULL_CONVERSION = YES;
				CLANG_WARN_OBJC_IMPLICIT_RETAIN_SELF = YES;
				CLANG_WARN_OBJC_LITERAL_CONVERSION = YES;
				CLANG_WARN_OBJC_ROOT_CLASS = YES_ERROR;
				CLANG_WARN_QUOTED_INCLUDE_IN_FRAMEWORK_HEADER = YES;
				CLANG_WARN_RANGE_LOOP_ANALYSIS = YES;
				CLANG_WARN_STRICT_PROTOTYPES = YES;
				CLANG_WARN_SUSPICIOUS_MOVE = YES;
				CLANG_WARN_UNGUARDED_AVAILABILITY = YES_AGGRESSIVE;
				CLANG_WARN_UNREACHABLE_CODE = YES;
				CLANG_WARN__DUPLICATE_METHOD_MATCH = YES;
				COPY_PHASE_STRIP = NO;
				DEBUG_INFORMATION_FORMAT = "dwarf-with-dsym";
				ENABLE_NS_ASSERTIONS = NO;
				ENABLE_STRICT_OBJC_MSGSEND = YES;
				GCC_C_LANGUAGE_STANDARD = gnu11;
				GCC_NO_COMMON_BLOCKS = YES;
				GCC_WARN_64_TO_32_BIT_CONVERSION = YES;
				GCC_WARN_ABOUT_RETURN_TYPE = YES_ERROR;
				GCC_WARN_UNDECLARED_SELECTOR = YES;
				GCC_WARN_UNINITIALIZED_AUTOS = YES_AGGRESSIVE;
				GCC_WARN_UNUSED_FUNCTION = YES;
				GCC_WARN_UNUSED_VARIABLE = YES;
				IPHONEOS_DEPLOYMENT_TARGET = 16.0;
				MTL_ENABLE_DEBUG_INFO = NO;
				MTL_FAST_MATH = YES;
				SDKROOT = iphoneos;
				SWIFT_COMPILATION_MODE = wholemodule;
				SWIFT_OPTIMIZATION_LEVEL = "-O";
				VALIDATE_PRODUCT = YES;
			};
			name = Release;
		};
		5678C6A929D6066100F94B26 /* Debug */ = {
			isa = XCBuildConfiguration;
			buildSettings = {
				ASSETCATALOG_COMPILER_APPICON_NAME = AppIcon;
				ASSETCATALOG_COMPILER_GLOBAL_ACCENT_COLOR_NAME = AccentColor;
				CODE_SIGN_STYLE = Automatic;
				CURRENT_PROJECT_VERSION = 1;
				DEVELOPMENT_TEAM = GB2CY3HPJ4;
				GENERATE_INFOPLIST_FILE = YES;
				INFOPLIST_FILE = DesafioTabBarBF348/Info.plist;
				INFOPLIST_KEY_UIApplicationSupportsIndirectInputEvents = YES;
				INFOPLIST_KEY_UILaunchStoryboardName = LaunchScreen;
				INFOPLIST_KEY_UIMainStoryboardFile = Main;
				INFOPLIST_KEY_UISupportedInterfaceOrientations_iPad = "UIInterfaceOrientationPortrait UIInterfaceOrientationPortraitUpsideDown UIInterfaceOrientationLandscapeLeft UIInterfaceOrientationLandscapeRight";
				INFOPLIST_KEY_UISupportedInterfaceOrientations_iPhone = "UIInterfaceOrientationPortrait UIInterfaceOrientationLandscapeLeft UIInterfaceOrientationLandscapeRight";
				LD_RUNPATH_SEARCH_PATHS = (
					"$(inherited)",
					"@executable_path/Frameworks",
				);
				MARKETING_VERSION = 1.0;
				PRODUCT_BUNDLE_IDENTIFIER = BF348.DesafioTabBarBF348;
				PRODUCT_NAME = "$(TARGET_NAME)";
				SUPPORTED_PLATFORMS = "iphoneos iphonesimulator";
				SUPPORTS_MACCATALYST = NO;
				SUPPORTS_MAC_DESIGNED_FOR_IPHONE_IPAD = NO;
				SWIFT_EMIT_LOC_STRINGS = YES;
				SWIFT_VERSION = 5.0;
				TARGETED_DEVICE_FAMILY = 1;
			};
			name = Debug;
		};
		5678C6AA29D6066100F94B26 /* Release */ = {
			isa = XCBuildConfiguration;
			buildSettings = {
				ASSETCATALOG_COMPILER_APPICON_NAME = AppIcon;
				ASSETCATALOG_COMPILER_GLOBAL_ACCENT_COLOR_NAME = AccentColor;
				CODE_SIGN_STYLE = Automatic;
				CURRENT_PROJECT_VERSION = 1;
				DEVELOPMENT_TEAM = GB2CY3HPJ4;
				GENERATE_INFOPLIST_FILE = YES;
				INFOPLIST_FILE = DesafioTabBarBF348/Info.plist;
				INFOPLIST_KEY_UIApplicationSupportsIndirectInputEvents = YES;
				INFOPLIST_KEY_UILaunchStoryboardName = LaunchScreen;
				INFOPLIST_KEY_UIMainStoryboardFile = Main;
				INFOPLIST_KEY_UISupportedInterfaceOrientations_iPad = "UIInterfaceOrientationPortrait UIInterfaceOrientationPortraitUpsideDown UIInterfaceOrientationLandscapeLeft UIInterfaceOrientationLandscapeRight";
				INFOPLIST_KEY_UISupportedInterfaceOrientations_iPhone = "UIInterfaceOrientationPortrait UIInterfaceOrientationLandscapeLeft UIInterfaceOrientationLandscapeRight";
				LD_RUNPATH_SEARCH_PATHS = (
					"$(inherited)",
					"@executable_path/Frameworks",
				);
				MARKETING_VERSION = 1.0;
				PRODUCT_BUNDLE_IDENTIFIER = BF348.DesafioTabBarBF348;
				PRODUCT_NAME = "$(TARGET_NAME)";
				SUPPORTED_PLATFORMS = "iphoneos iphonesimulator";
				SUPPORTS_MACCATALYST = NO;
				SUPPORTS_MAC_DESIGNED_FOR_IPHONE_IPAD = NO;
				SWIFT_EMIT_LOC_STRINGS = YES;
				SWIFT_VERSION = 5.0;
				TARGETED_DEVICE_FAMILY = 1;
			};
			name = Release;
		};
/* End XCBuildConfiguration section */

/* Begin XCConfigurationList section */
		5678C68F29D6065F00F94B26 /* Build configuration list for PBXProject "DesafioTabBarBF348" */ = {
			isa = XCConfigurationList;
			buildConfigurations = (
				5678C6A629D6066100F94B26 /* Debug */,
				5678C6A729D6066100F94B26 /* Release */,
			);
			defaultConfigurationIsVisible = 0;
			defaultConfigurationName = Release;
		};
		5678C6A829D6066100F94B26 /* Build configuration list for PBXNativeTarget "DesafioTabBarBF348" */ = {
			isa = XCConfigurationList;
			buildConfigurations = (
				5678C6A929D6066100F94B26 /* Debug */,
				5678C6AA29D6066100F94B26 /* Release */,
			);
			defaultConfigurationIsVisible = 0;
			defaultConfigurationName = Release;
		};
/* End XCConfigurationList section */
	};
	rootObject = 5678C68C29D6065F00F94B26 /* Project object */;
}
