// !$*UTF8*$!
{
	archiveVersion = 1;
	classes = {
	};
	objectVersion = 56;
	objects = {

/* Begin PBXBuildFile section */
		5696C0A729C1273F00835EB3 /* AppDelegate.swift in Sources */ = {isa = PBXBuildFile; fileRef = 5696C0A629C1273F00835EB3 /* AppDelegate.swift */; };
		5696C0A929C1273F00835EB3 /* SceneDelegate.swift in Sources */ = {isa = PBXBuildFile; fileRef = 5696C0A829C1273F00835EB3 /* SceneDelegate.swift */; };
		5696C0AB29C1273F00835EB3 /* ViewController.swift in Sources */ = {isa = PBXBuildFile; fileRef = 5696C0AA29C1273F00835EB3 /* ViewController.swift */; };
		5696C0AE29C1273F00835EB3 /* Main.storyboard in Resources */ = {isa = PBXBuildFile; fileRef = 5696C0AC29C1273F00835EB3 /* Main.storyboard */; };
		5696C0B029C1274100835EB3 /* Assets.xcassets in Resources */ = {isa = PBXBuildFile; fileRef = 5696C0AF29C1274100835EB3 /* Assets.xcassets */; };
		5696C0B329C1274100835EB3 /* LaunchScreen.storyboard in Resources */ = {isa = PBXBuildFile; fileRef = 5696C0B129C1274100835EB3 /* LaunchScreen.storyboard */; };
		56EAC70029C14E460003C83E /* Screen02.swift in Sources */ = {isa = PBXBuildFile; fileRef = 56EAC6FF29C14E460003C83E /* Screen02.swift */; };
		56EAC70229C14E540003C83E /* Screen02.storyboard in Resources */ = {isa = PBXBuildFile; fileRef = 56EAC70129C14E540003C83E /* Screen02.storyboard */; };
		56EAC70529C1F9D70003C83E /* Pessoa.swift in Sources */ = {isa = PBXBuildFile; fileRef = 56EAC70429C1F9D70003C83E /* Pessoa.swift */; };
/* End PBXBuildFile section */

/* Begin PBXFileReference section */
		5696C0A329C1273F00835EB3 /* TransitarObjetosEntreTelas.app */ = {isa = PBXFileReference; explicitFileType = wrapper.application; includeInIndex = 0; path = TransitarObjetosEntreTelas.app; sourceTree = BUILT_PRODUCTS_DIR; };
		5696C0A629C1273F00835EB3 /* AppDelegate.swift */ = {isa = PBXFileReference; lastKnownFileType = sourcecode.swift; path = AppDelegate.swift; sourceTree = "<group>"; };
		5696C0A829C1273F00835EB3 /* SceneDelegate.swift */ = {isa = PBXFileReference; lastKnownFileType = sourcecode.swift; path = SceneDelegate.swift; sourceTree = "<group>"; };
		5696C0AA29C1273F00835EB3 /* ViewController.swift */ = {isa = PBXFileReference; lastKnownFileType = sourcecode.swift; path = ViewController.swift; sourceTree = "<group>"; };
		5696C0AD29C1273F00835EB3 /* Base */ = {isa = PBXFileReference; lastKnownFileType = file.storyboard; name = Base; path = Base.lproj/Main.storyboard; sourceTree = "<group>"; };
		5696C0AF29C1274100835EB3 /* Assets.xcassets */ = {isa = PBXFileReference; lastKnownFileType = folder.assetcatalog; path = Assets.xcassets; sourceTree = "<group>"; };
		5696C0B229C1274100835EB3 /* Base */ = {isa = PBXFileReference; lastKnownFileType = file.storyboard; name = Base; path = Base.lproj/LaunchScreen.storyboard; sourceTree = "<group>"; };
		5696C0B429C1274100835EB3 /* Info.plist */ = {isa = PBXFileReference; lastKnownFileType = text.plist.xml; path = Info.plist; sourceTree = "<group>"; };
		56EAC6FF29C14E460003C83E /* Screen02.swift */ = {isa = PBXFileReference; lastKnownFileType = sourcecode.swift; path = Screen02.swift; sourceTree = "<group>"; };
		56EAC70129C14E540003C83E /* Screen02.storyboard */ = {isa = PBXFileReference; lastKnownFileType = file.storyboard; path = Screen02.storyboard; sourceTree = "<group>"; };
		56EAC70429C1F9D70003C83E /* Pessoa.swift */ = {isa = PBXFileReference; lastKnownFileType = sourcecode.swift; path = Pessoa.swift; sourceTree = "<group>"; };
/* End PBXFileReference section */

/* Begin PBXFrameworksBuildPhase section */
		5696C0A029C1273F00835EB3 /* Frameworks */ = {
			isa = PBXFrameworksBuildPhase;
			buildActionMask = 2147483647;
			files = (
			);
			runOnlyForDeploymentPostprocessing = 0;
		};
/* End PBXFrameworksBuildPhase section */

/* Begin PBXGroup section */
		5696C09A29C1273F00835EB3 = {
			isa = PBXGroup;
			children = (
				5696C0A529C1273F00835EB3 /* TransitarObjetosEntreTelas */,
				5696C0A429C1273F00835EB3 /* Products */,
			);
			sourceTree = "<group>";
		};
		5696C0A429C1273F00835EB3 /* Products */ = {
			isa = PBXGroup;
			children = (
				5696C0A329C1273F00835EB3 /* TransitarObjetosEntreTelas.app */,
			);
			name = Products;
			sourceTree = "<group>";
		};
		5696C0A529C1273F00835EB3 /* TransitarObjetosEntreTelas */ = {
			isa = PBXGroup;
			children = (
				56EAC70329C1F9BE0003C83E /* Model */,
				56EAC6FE29C14DCC0003C83E /* Screen02 */,
				5696C0A629C1273F00835EB3 /* AppDelegate.swift */,
				5696C0A829C1273F00835EB3 /* SceneDelegate.swift */,
				5696C0AA29C1273F00835EB3 /* ViewController.swift */,
				5696C0AC29C1273F00835EB3 /* Main.storyboard */,
				5696C0AF29C1274100835EB3 /* Assets.xcassets */,
				5696C0B129C1274100835EB3 /* LaunchScreen.storyboard */,
				5696C0B429C1274100835EB3 /* Info.plist */,
			);
			path = TransitarObjetosEntreTelas;
			sourceTree = "<group>";
		};
		56EAC6FE29C14DCC0003C83E /* Screen02 */ = {
			isa = PBXGroup;
			children = (
				56EAC6FF29C14E460003C83E /* Screen02.swift */,
				56EAC70129C14E540003C83E /* Screen02.storyboard */,
			);
			path = Screen02;
			sourceTree = "<group>";
		};
		56EAC70329C1F9BE0003C83E /* Model */ = {
			isa = PBXGroup;
			children = (
				56EAC70429C1F9D70003C83E /* Pessoa.swift */,
			);
			path = Model;
			sourceTree = "<group>";
		};
/* End PBXGroup section */

/* Begin PBXNativeTarget section */
		5696C0A229C1273F00835EB3 /* TransitarObjetosEntreTelas */ = {
			isa = PBXNativeTarget;
			buildConfigurationList = 5696C0B729C1274100835EB3 /* Build configuration list for PBXNativeTarget "TransitarObjetosEntreTelas" */;
			buildPhases = (
				5696C09F29C1273F00835EB3 /* Sources */,
				5696C0A029C1273F00835EB3 /* Frameworks */,
				5696C0A129C1273F00835EB3 /* Resources */,
			);
			buildRules = (
			);
			dependencies = (
			);
			name = TransitarObjetosEntreTelas;
			productName = TransitarObjetosEntreTelas;
			productReference = 5696C0A329C1273F00835EB3 /* TransitarObjetosEntreTelas.app */;
			productType = "com.apple.product-type.application";
		};
/* End PBXNativeTarget section */

/* Begin PBXProject section */
		5696C09B29C1273F00835EB3 /* Project object */ = {
			isa = PBXProject;
			attributes = {
				BuildIndependentTargetsInParallel = 1;
				LastSwiftUpdateCheck = 1400;
				LastUpgradeCheck = 1400;
				TargetAttributes = {
					5696C0A229C1273F00835EB3 = {
						CreatedOnToolsVersion = 14.0.1;
					};
				};
			};
			buildConfigurationList = 5696C09E29C1273F00835EB3 /* Build configuration list for PBXProject "TransitarObjetosEntreTelas" */;
			compatibilityVersion = "Xcode 14.0";
			developmentRegion = en;
			hasScannedForEncodings = 0;
			knownRegions = (
				en,
				Base,
			);
			mainGroup = 5696C09A29C1273F00835EB3;
			productRefGroup = 5696C0A429C1273F00835EB3 /* Products */;
			projectDirPath = "";
			projectRoot = "";
			targets = (
				5696C0A229C1273F00835EB3 /* TransitarObjetosEntreTelas */,
			);
		};
/* End PBXProject section */

/* Begin PBXResourcesBuildPhase section */
		5696C0A129C1273F00835EB3 /* Resources */ = {
			isa = PBXResourcesBuildPhase;
			buildActionMask = 2147483647;
			files = (
				56EAC70229C14E540003C83E /* Screen02.storyboard in Resources */,
				5696C0B329C1274100835EB3 /* LaunchScreen.storyboard in Resources */,
				5696C0B029C1274100835EB3 /* Assets.xcassets in Resources */,
				5696C0AE29C1273F00835EB3 /* Main.storyboard in Resources */,
			);
			runOnlyForDeploymentPostprocessing = 0;
		};
/* End PBXResourcesBuildPhase section */

/* Begin PBXSourcesBuildPhase section */
		5696C09F29C1273F00835EB3 /* Sources */ = {
			isa = PBXSourcesBuildPhase;
			buildActionMask = 2147483647;
			files = (
				56EAC70529C1F9D70003C83E /* Pessoa.swift in Sources */,
				5696C0AB29C1273F00835EB3 /* ViewController.swift in Sources */,
				5696C0A729C1273F00835EB3 /* AppDelegate.swift in Sources */,
				5696C0A929C1273F00835EB3 /* SceneDelegate.swift in Sources */,
				56EAC70029C14E460003C83E /* Screen02.swift in Sources */,
			);
			runOnlyForDeploymentPostprocessing = 0;
		};
/* End PBXSourcesBuildPhase section */

/* Begin PBXVariantGroup section */
		5696C0AC29C1273F00835EB3 /* Main.storyboard */ = {
			isa = PBXVariantGroup;
			children = (
				5696C0AD29C1273F00835EB3 /* Base */,
			);
			name = Main.storyboard;
			sourceTree = "<group>";
		};
		5696C0B129C1274100835EB3 /* LaunchScreen.storyboard */ = {
			isa = PBXVariantGroup;
			children = (
				5696C0B229C1274100835EB3 /* Base */,
			);
			name = LaunchScreen.storyboard;
			sourceTree = "<group>";
		};
/* End PBXVariantGroup section */

/* Begin XCBuildConfiguration section */
		5696C0B529C1274100835EB3 /* Debug */ = {
			isa = XCBuildConfiguration;
			buildSettings = {
				ALWAYS_SEARCH_USER_PATHS = NO;
				CLANG_ANALYZER_NONNULL = YES;
				CLANG_ANALYZER_NUMBER_OBJECT_CONVERSION = YES_AGGRESSIVE;
				CLANG_CXX_LANGUAGE_STANDARD = "gnu++20";
				CLANG_ENABLE_MODULES = YES;
				CLANG_ENABLE_OBJC_ARC = YES;
				CLANG_ENABLE_OBJC_WEAK = YES;
				CLANG_WARN_BLOCK_CAPTURE_AUTORELEASING = YES;
				CLANG_WARN_BOOL_CONVERSION = YES;
				CLANG_WARN_COMMA = YES;
				CLANG_WARN_CONSTANT_CONVERSION = YES;
				CLANG_WARN_DEPRECATED_OBJC_IMPLEMENTATIONS = YES;
				CLANG_WARN_DIRECT_OBJC_ISA_USAGE = YES_ERROR;
				CLANG_WARN_DOCUMENTATION_COMMENTS = YES;
				CLANG_WARN_EMPTY_BODY = YES;
				CLANG_WARN_ENUM_CONVERSION = YES;
				CLANG_WARN_INFINITE_RECURSION = YES;
				CLANG_WARN_INT_CONVERSION = YES;
				CLANG_WARN_NON_LITERAL_NULL_CONVERSION = YES;
				CLANG_WARN_OBJC_IMPLICIT_RETAIN_SELF = YES;
				CLANG_WARN_OBJC_LITERAL_CONVERSION = YES;
				CLANG_WARN_OBJC_ROOT_CLASS = YES_ERROR;
				CLANG_WARN_QUOTED_INCLUDE_IN_FRAMEWORK_HEADER = YES;
				CLANG_WARN_RANGE_LOOP_ANALYSIS = YES;
				CLANG_WARN_STRICT_PROTOTYPES = YES;
				CLANG_WARN_SUSPICIOUS_MOVE = YES;
				CLANG_WARN_UNGUARDED_AVAILABILITY = YES_AGGRESSIVE;
				CLANG_WARN_UNREACHABLE_CODE = YES;
				CLANG_WARN__DUPLICATE_METHOD_MATCH = YES;
				COPY_PHASE_STRIP = NO;
				DEBUG_INFORMATION_FORMAT = dwarf;
				ENABLE_STRICT_OBJC_MSGSEND = YES;
				ENABLE_TESTABILITY = YES;
				GCC_C_LANGUAGE_STANDARD = gnu11;
				GCC_DYNAMIC_NO_PIC = NO;
				GCC_NO_COMMON_BLOCKS = YES;
				GCC_OPTIMIZATION_LEVEL = 0;
				GCC_PREPROCESSOR_DEFINITIONS = (
					"DEBUG=1",
					"$(inherited)",
				);
				GCC_WARN_64_TO_32_BIT_CONVERSION = YES;
				GCC_WARN_ABOUT_RETURN_TYPE = YES_ERROR;
				GCC_WARN_UNDECLARED_SELECTOR = YES;
				GCC_WARN_UNINITIALIZED_AUTOS = YES_AGGRESSIVE;
				GCC_WARN_UNUSED_FUNCTION = YES;
				GCC_WARN_UNUSED_VARIABLE = YES;
				IPHONEOS_DEPLOYMENT_TARGET = 16.0;
				MTL_ENABLE_DEBUG_INFO = INCLUDE_SOURCE;
				MTL_FAST_MATH = YES;
				ONLY_ACTIVE_ARCH = YES;
				SDKROOT = iphoneos;
				SWIFT_ACTIVE_COMPILATION_CONDITIONS = DEBUG;
				SWIFT_OPTIMIZATION_LEVEL = "-Onone";
			};
			name = Debug;
		};
		5696C0B629C1274100835EB3 /* Release */ = {
			isa = XCBuildConfiguration;
			buildSettings = {
				ALWAYS_SEARCH_USER_PATHS = NO;
				CLANG_ANALYZER_NONNULL = YES;
				CLANG_ANALYZER_NUMBER_OBJECT_CONVERSION = YES_AGGRESSIVE;
				CLANG_CXX_LANGUAGE_STANDARD = "gnu++20";
				CLANG_ENABLE_MODULES = YES;
				CLANG_ENABLE_OBJC_ARC = YES;
				CLANG_ENABLE_OBJC_WEAK = YES;
				CLANG_WARN_BLOCK_CAPTURE_AUTORELEASING = YES;
				CLANG_WARN_BOOL_CONVERSION = YES;
				CLANG_WARN_COMMA = YES;
				CLANG_WARN_CONSTANT_CONVERSION = YES;
				CLANG_WARN_DEPRECATED_OBJC_IMPLEMENTATIONS = YES;
				CLANG_WARN_DIRECT_OBJC_ISA_USAGE = YES_ERROR;
				CLANG_WARN_DOCUMENTATION_COMMENTS = YES;
				CLANG_WARN_EMPTY_BODY = YES;
				CLANG_WARN_ENUM_CONVERSION = YES;
				CLANG_WARN_INFINITE_RECURSION = YES;
				CLANG_WARN_INT_CONVERSION = YES;
				CLANG_WARN_NON_LITERAL_NULL_CONVERSION = YES;
				CLANG_WARN_OBJC_IMPLICIT_RETAIN_SELF = YES;
				CLANG_WARN_OBJC_LITERAL_CONVERSION = YES;
				CLANG_WARN_OBJC_ROOT_CLASS = YES_ERROR;
				CLANG_WARN_QUOTED_INCLUDE_IN_FRAMEWORK_HEADER = YES;
				CLANG_WARN_RANGE_LOOP_ANALYSIS = YES;
				CLANG_WARN_STRICT_PROTOTYPES = YES;
				CLANG_WARN_SUSPICIOUS_MOVE = YES;
				CLANG_WARN_UNGUARDED_AVAILABILITY = YES_AGGRESSIVE;
				CLANG_WARN_UNREACHABLE_CODE = YES;
				CLANG_WARN__DUPLICATE_METHOD_MATCH = YES;
				COPY_PHASE_STRIP = NO;
				DEBUG_INFORMATION_FORMAT = "dwarf-with-dsym";
				ENABLE_NS_ASSERTIONS = NO;
				ENABLE_STRICT_OBJC_MSGSEND = YES;
				GCC_C_LANGUAGE_STANDARD = gnu11;
				GCC_NO_COMMON_BLOCKS = YES;
				GCC_WARN_64_TO_32_BIT_CONVERSION = YES;
				GCC_WARN_ABOUT_RETURN_TYPE = YES_ERROR;
				GCC_WARN_UNDECLARED_SELECTOR = YES;
				GCC_WARN_UNINITIALIZED_AUTOS = YES_AGGRESSIVE;
				GCC_WARN_UNUSED_FUNCTION = YES;
				GCC_WARN_UNUSED_VARIABLE = YES;
				IPHONEOS_DEPLOYMENT_TARGET = 16.0;
				MTL_ENABLE_DEBUG_INFO = NO;
				MTL_FAST_MATH = YES;
				SDKROOT = iphoneos;
				SWIFT_COMPILATION_MODE = wholemodule;
				SWIFT_OPTIMIZATION_LEVEL = "-O";
				VALIDATE_PRODUCT = YES;
			};
			name = Release;
		};
		5696C0B829C1274100835EB3 /* Debug */ = {
			isa = XCBuildConfiguration;
			buildSettings = {
				ASSETCATALOG_COMPILER_APPICON_NAME = AppIcon;
				ASSETCATALOG_COMPILER_GLOBAL_ACCENT_COLOR_NAME = AccentColor;
				CODE_SIGN_STYLE = Automatic;
				CURRENT_PROJECT_VERSION = 1;
				GENERATE_INFOPLIST_FILE = YES;
				INFOPLIST_FILE = TransitarObjetosEntreTelas/Info.plist;
				INFOPLIST_KEY_UIApplicationSupportsIndirectInputEvents = YES;
				INFOPLIST_KEY_UILaunchStoryboardName = LaunchScreen;
				INFOPLIST_KEY_UIMainStoryboardFile = Main;
				INFOPLIST_KEY_UISupportedInterfaceOrientations_iPad = "UIInterfaceOrientationPortrait UIInterfaceOrientationPortraitUpsideDown UIInterfaceOrientationLandscapeLeft UIInterfaceOrientationLandscapeRight";
				INFOPLIST_KEY_UISupportedInterfaceOrientations_iPhone = "UIInterfaceOrientationPortrait UIInterfaceOrientationLandscapeLeft UIInterfaceOrientationLandscapeRight";
				LD_RUNPATH_SEARCH_PATHS = (
					"$(inherited)",
					"@executable_path/Frameworks",
				);
				MARKETING_VERSION = 1.0;
				PRODUCT_BUNDLE_IDENTIFIER = BF348.TransitarObjetosEntreTelas;
				PRODUCT_NAME = "$(TARGET_NAME)";
				SUPPORTED_PLATFORMS = "iphoneos iphonesimulator";
				SUPPORTS_MACCATALYST = NO;
				SUPPORTS_MAC_DESIGNED_FOR_IPHONE_IPAD = NO;
				SWIFT_EMIT_LOC_STRINGS = YES;
				SWIFT_VERSION = 5.0;
				TARGETED_DEVICE_FAMILY = 1;
			};
			name = Debug;
		};
		5696C0B929C1274100835EB3 /* Release */ = {
			isa = XCBuildConfiguration;
			buildSettings = {
				ASSETCATALOG_COMPILER_APPICON_NAME = AppIcon;
				ASSETCATALOG_COMPILER_GLOBAL_ACCENT_COLOR_NAME = AccentColor;
				CODE_SIGN_STYLE = Automatic;
				CURRENT_PROJECT_VERSION = 1;
				GENERATE_INFOPLIST_FILE = YES;
				INFOPLIST_FILE = TransitarObjetosEntreTelas/Info.plist;
				INFOPLIST_KEY_UIApplicationSupportsIndirectInputEvents = YES;
				INFOPLIST_KEY_UILaunchStoryboardName = LaunchScreen;
				INFOPLIST_KEY_UIMainStoryboardFile = Main;
				INFOPLIST_KEY_UISupportedInterfaceOrientations_iPad = "UIInterfaceOrientationPortrait UIInterfaceOrientationPortraitUpsideDown UIInterfaceOrientationLandscapeLeft UIInterfaceOrientationLandscapeRight";
				INFOPLIST_KEY_UISupportedInterfaceOrientations_iPhone = "UIInterfaceOrientationPortrait UIInterfaceOrientationLandscapeLeft UIInterfaceOrientationLandscapeRight";
				LD_RUNPATH_SEARCH_PATHS = (
					"$(inherited)",
					"@executable_path/Frameworks",
				);
				MARKETING_VERSION = 1.0;
				PRODUCT_BUNDLE_IDENTIFIER = BF348.TransitarObjetosEntreTelas;
				PRODUCT_NAME = "$(TARGET_NAME)";
				SUPPORTED_PLATFORMS = "iphoneos iphonesimulator";
				SUPPORTS_MACCATALYST = NO;
				SUPPORTS_MAC_DESIGNED_FOR_IPHONE_IPAD = NO;
				SWIFT_EMIT_LOC_STRINGS = YES;
				SWIFT_VERSION = 5.0;
				TARGETED_DEVICE_FAMILY = 1;
			};
			name = Release;
		};
/* End XCBuildConfiguration section */

/* Begin XCConfigurationList section */
		5696C09E29C1273F00835EB3 /* Build configuration list for PBXProject "TransitarObjetosEntreTelas" */ = {
			isa = XCConfigurationList;
			buildConfigurations = (
				5696C0B529C1274100835EB3 /* Debug */,
				5696C0B629C1274100835EB3 /* Release */,
			);
			defaultConfigurationIsVisible = 0;
			defaultConfigurationName = Release;
		};
		5696C0B729C1274100835EB3 /* Build configuration list for PBXNativeTarget "TransitarObjetosEntreTelas" */ = {
			isa = XCConfigurationList;
			buildConfigurations = (
				5696C0B829C1274100835EB3 /* Debug */,
				5696C0B929C1274100835EB3 /* Release */,
			);
			defaultConfigurationIsVisible = 0;
			defaultConfigurationName = Release;
		};
/* End XCConfigurationList section */
	};
	rootObject = 5696C09B29C1273F00835EB3 /* Project object */;
}
